// !$*UTF8*$!
{
	archiveVersion = 1;
	classes = {
	};
	objectVersion = 50;
	objects = {

/* Begin PBXBuildFile section */
		A5304E1E267953F400EC906C /* EditDataPointView.swift in Sources */ = {isa = PBXBuildFile; fileRef = A5304E1D267953F400EC906C /* EditDataPointView.swift */; };
		A5382D0D263AF5D400ECA9A0 /* Persistence.framework in Frameworks */ = {isa = PBXBuildFile; fileRef = A5382D04263AF5D400ECA9A0 /* Persistence.framework */; };
		A5382D14263AF5D400ECA9A0 /* PersistenceTests.swift in Sources */ = {isa = PBXBuildFile; fileRef = A5382D13263AF5D400ECA9A0 /* PersistenceTests.swift */; };
		A5382D16263AF5D400ECA9A0 /* Persistance.h in Headers */ = {isa = PBXBuildFile; fileRef = A5382D06263AF5D400ECA9A0 /* Persistance.h */; settings = {ATTRIBUTES = (Public, ); }; };
		A5382D19263AF5D400ECA9A0 /* Persistence.framework in Frameworks */ = {isa = PBXBuildFile; fileRef = A5382D04263AF5D400ECA9A0 /* Persistence.framework */; };
		A5382D1A263AF5D400ECA9A0 /* Persistence.framework in Embed Frameworks */ = {isa = PBXBuildFile; fileRef = A5382D04263AF5D400ECA9A0 /* Persistence.framework */; settings = {ATTRIBUTES = (CodeSignOnCopy, RemoveHeadersOnCopy, ); }; };
		A5382D29263AF63500ECA9A0 /* RaindropTests.swift in Sources */ = {isa = PBXBuildFile; fileRef = A5382D28263AF63500ECA9A0 /* RaindropTests.swift */; };
		A5382D31263AF71C00ECA9A0 /* CoreDataStore.swift in Sources */ = {isa = PBXBuildFile; fileRef = A5382D30263AF71C00ECA9A0 /* CoreDataStore.swift */; };
		A5382D33263AF73700ECA9A0 /* Logging.swift in Sources */ = {isa = PBXBuildFile; fileRef = A5382D32263AF73700ECA9A0 /* Logging.swift */; };
		A5382D38263AF78000ECA9A0 /* Raindrop.xcdatamodeld in Sources */ = {isa = PBXBuildFile; fileRef = A5382D36263AF78000ECA9A0 /* Raindrop.xcdatamodeld */; };
		A5382D39263AFAF300ECA9A0 /* CoreDataStoreTests.swift in Sources */ = {isa = PBXBuildFile; fileRef = A5382D34263AF75200ECA9A0 /* CoreDataStoreTests.swift */; };
		A5382D54263B016E00ECA9A0 /* RepositoryRoot.swift in Sources */ = {isa = PBXBuildFile; fileRef = A5382D3C263B009500ECA9A0 /* RepositoryRoot.swift */; };
		A5382D55263B017500ECA9A0 /* RepositoryAction.swift in Sources */ = {isa = PBXBuildFile; fileRef = A5382D3E263B009500ECA9A0 /* RepositoryAction.swift */; };
		A5382D57263B017900ECA9A0 /* DataPointRepository.swift in Sources */ = {isa = PBXBuildFile; fileRef = A5382D41263B009500ECA9A0 /* DataPointRepository.swift */; };
		A5382D58263B019200ECA9A0 /* StorageToDomainTransformer.swift in Sources */ = {isa = PBXBuildFile; fileRef = A5382D43263B009500ECA9A0 /* StorageToDomainTransformer.swift */; };
		A5382D59263B019200ECA9A0 /* DomainToStorageTransformer.swift in Sources */ = {isa = PBXBuildFile; fileRef = A5382D46263B009500ECA9A0 /* DomainToStorageTransformer.swift */; };
		A5382D5A263B019500ECA9A0 /* StorageToDomainTransformerTests.swift in Sources */ = {isa = PBXBuildFile; fileRef = A5382D45263B009500ECA9A0 /* StorageToDomainTransformerTests.swift */; };
		A5382D5B263B019500ECA9A0 /* DomainToStorageTransformerTests.swift in Sources */ = {isa = PBXBuildFile; fileRef = A5382D44263B009500ECA9A0 /* DomainToStorageTransformerTests.swift */; };
		A5382D5C263B028600ECA9A0 /* DataPointRepositoryTests.swift in Sources */ = {isa = PBXBuildFile; fileRef = A5382D40263B009500ECA9A0 /* DataPointRepositoryTests.swift */; };
		A5382D5D263B02D400ECA9A0 /* CoreDataStorage+Read.swift in Sources */ = {isa = PBXBuildFile; fileRef = A5382D4F263B009500ECA9A0 /* CoreDataStorage+Read.swift */; };
		A5382D5E263B02D400ECA9A0 /* CoreDataStorage.swift in Sources */ = {isa = PBXBuildFile; fileRef = A5382D4B263B009500ECA9A0 /* CoreDataStorage.swift */; };
		A5382D5F263B02D400ECA9A0 /* CoreDataStoreStorageFactory.swift in Sources */ = {isa = PBXBuildFile; fileRef = A5382D4E263B009500ECA9A0 /* CoreDataStoreStorageFactory.swift */; };
		A5382D60263B02D400ECA9A0 /* CoreDataStorage+Write.swift in Sources */ = {isa = PBXBuildFile; fileRef = A5382D4C263B009500ECA9A0 /* CoreDataStorage+Write.swift */; };
		A5382D61263B02D800ECA9A0 /* CoreDataStoreStorageFactoryTests.swift in Sources */ = {isa = PBXBuildFile; fileRef = A5382D4D263B009500ECA9A0 /* CoreDataStoreStorageFactoryTests.swift */; };
		A5382D62263B02D800ECA9A0 /* CoreDataStorage+ReadTests.swift in Sources */ = {isa = PBXBuildFile; fileRef = A5382D4A263B009500ECA9A0 /* CoreDataStorage+ReadTests.swift */; };
		A5382D63263B02D800ECA9A0 /* CoreDataStorage+WriteTests.swift in Sources */ = {isa = PBXBuildFile; fileRef = A5382D50263B009500ECA9A0 /* CoreDataStorage+WriteTests.swift */; };
		A5382D64263B03B200ECA9A0 /* Storage.swift in Sources */ = {isa = PBXBuildFile; fileRef = A5382D48263B009500ECA9A0 /* Storage.swift */; };
		A53E512F26744E36002E4BEE /* ErrorSheetView.swift in Sources */ = {isa = PBXBuildFile; fileRef = A53E512D26744C26002E4BEE /* ErrorSheetView.swift */; };
		A53E513026744E36002E4BEE /* ErrorSheetModels.swift in Sources */ = {isa = PBXBuildFile; fileRef = A53E512E26744C26002E4BEE /* ErrorSheetModels.swift */; };
		A553603326794898006C93EC /* EditDataPointPresenter.swift in Sources */ = {isa = PBXBuildFile; fileRef = A553602926794898006C93EC /* EditDataPointPresenter.swift */; };
		A553603526794898006C93EC /* EditDataPointModels.swift in Sources */ = {isa = PBXBuildFile; fileRef = A553602B26794898006C93EC /* EditDataPointModels.swift */; };
		A553603626794898006C93EC /* EditDataPointScene.swift in Sources */ = {isa = PBXBuildFile; fileRef = A553602C26794898006C93EC /* EditDataPointScene.swift */; };
		A553603726794898006C93EC /* EditDataPointInteractor.swift in Sources */ = {isa = PBXBuildFile; fileRef = A553602D26794898006C93EC /* EditDataPointInteractor.swift */; };
		A553603A26794898006C93EC /* EditDataPointService.swift in Sources */ = {isa = PBXBuildFile; fileRef = A553603026794898006C93EC /* EditDataPointService.swift */; };
		A553603C267948A7006C93EC /* EditDataPointPresenterTests.swift in Sources */ = {isa = PBXBuildFile; fileRef = A553602F26794898006C93EC /* EditDataPointPresenterTests.swift */; };
		A553603D267948A7006C93EC /* EditDataPointServiceTests.swift in Sources */ = {isa = PBXBuildFile; fileRef = A553603126794898006C93EC /* EditDataPointServiceTests.swift */; };
		A553603E267948A7006C93EC /* EditDataPointInteractorTests.swift in Sources */ = {isa = PBXBuildFile; fileRef = A553602826794898006C93EC /* EditDataPointInteractorTests.swift */; };
		A5AF8A41263AEC1A006E7080 /* RaindropApp.swift in Sources */ = {isa = PBXBuildFile; fileRef = A5AF8A40263AEC1A006E7080 /* RaindropApp.swift */; };
		A5AF8A45263AEC1B006E7080 /* Assets.xcassets in Resources */ = {isa = PBXBuildFile; fileRef = A5AF8A44263AEC1B006E7080 /* Assets.xcassets */; };
		A5AF8A48263AEC1B006E7080 /* Preview Assets.xcassets in Resources */ = {isa = PBXBuildFile; fileRef = A5AF8A47263AEC1B006E7080 /* Preview Assets.xcassets */; };
		A5AF8A54263AEE5D006E7080 /* DataPoint.swift in Sources */ = {isa = PBXBuildFile; fileRef = A5AF8A53263AEE5D006E7080 /* DataPoint.swift */; };
		A5AF8A56263AF404006E7080 /* DataPointType.swift in Sources */ = {isa = PBXBuildFile; fileRef = A5AF8A55263AF404006E7080 /* DataPointType.swift */; };
		A5BB52CD26472E3A00F62A6D /* DataEntryCell.swift in Sources */ = {isa = PBXBuildFile; fileRef = A5BB52CC26472E3A00F62A6D /* DataEntryCell.swift */; };
		A5BB52D02647303000F62A6D /* Color+Extensions.swift in Sources */ = {isa = PBXBuildFile; fileRef = A5BB52CF2647303000F62A6D /* Color+Extensions.swift */; };
		A5BB52D326473E0700F62A6D /* View+Extensions.swift in Sources */ = {isa = PBXBuildFile; fileRef = A5BB52D226473E0700F62A6D /* View+Extensions.swift */; };
		A5BB52D5264786DE00F62A6D /* String+Extensions.swift in Sources */ = {isa = PBXBuildFile; fileRef = A5BB52D4264786DE00F62A6D /* String+Extensions.swift */; };
		A5BC451B264230BE0076C1E9 /* Date+Extensions.swift in Sources */ = {isa = PBXBuildFile; fileRef = A5BC451A264230BE0076C1E9 /* Date+Extensions.swift */; };
/* End PBXBuildFile section */

/* Begin PBXContainerItemProxy section */
		A5382D0E263AF5D400ECA9A0 /* PBXContainerItemProxy */ = {
			isa = PBXContainerItemProxy;
			containerPortal = A5AF8A35263AEC1A006E7080 /* Project object */;
			proxyType = 1;
			remoteGlobalIDString = A5382D03263AF5D400ECA9A0;
			remoteInfo = Persistance;
		};
		A5382D10263AF5D400ECA9A0 /* PBXContainerItemProxy */ = {
			isa = PBXContainerItemProxy;
			containerPortal = A5AF8A35263AEC1A006E7080 /* Project object */;
			proxyType = 1;
			remoteGlobalIDString = A5AF8A3C263AEC1A006E7080;
			remoteInfo = Raindrop;
		};
		A5382D17263AF5D400ECA9A0 /* PBXContainerItemProxy */ = {
			isa = PBXContainerItemProxy;
			containerPortal = A5AF8A35263AEC1A006E7080 /* Project object */;
			proxyType = 1;
			remoteGlobalIDString = A5382D03263AF5D400ECA9A0;
			remoteInfo = Persistance;
		};
		A5382D2B263AF63500ECA9A0 /* PBXContainerItemProxy */ = {
			isa = PBXContainerItemProxy;
			containerPortal = A5AF8A35263AEC1A006E7080 /* Project object */;
			proxyType = 1;
			remoteGlobalIDString = A5AF8A3C263AEC1A006E7080;
			remoteInfo = Raindrop;
		};
/* End PBXContainerItemProxy section */

/* Begin PBXCopyFilesBuildPhase section */
		A5382D1B263AF5D400ECA9A0 /* Embed Frameworks */ = {
			isa = PBXCopyFilesBuildPhase;
			buildActionMask = 2147483647;
			dstPath = "";
			dstSubfolderSpec = 10;
			files = (
				A5382D1A263AF5D400ECA9A0 /* Persistence.framework in Embed Frameworks */,
			);
			name = "Embed Frameworks";
			runOnlyForDeploymentPostprocessing = 0;
		};
/* End PBXCopyFilesBuildPhase section */

/* Begin PBXFileReference section */
		A5304E1D267953F400EC906C /* EditDataPointView.swift */ = {isa = PBXFileReference; lastKnownFileType = sourcecode.swift; path = EditDataPointView.swift; sourceTree = "<group>"; };
		A5382D04263AF5D400ECA9A0 /* Persistence.framework */ = {isa = PBXFileReference; explicitFileType = wrapper.framework; includeInIndex = 0; path = Persistence.framework; sourceTree = BUILT_PRODUCTS_DIR; };
		A5382D06263AF5D400ECA9A0 /* Persistance.h */ = {isa = PBXFileReference; lastKnownFileType = sourcecode.c.h; path = Persistance.h; sourceTree = "<group>"; };
		A5382D07263AF5D400ECA9A0 /* Info.plist */ = {isa = PBXFileReference; lastKnownFileType = text.plist.xml; path = Info.plist; sourceTree = "<group>"; };
		A5382D0C263AF5D400ECA9A0 /* PersistenceTests.xctest */ = {isa = PBXFileReference; explicitFileType = wrapper.cfbundle; includeInIndex = 0; path = PersistenceTests.xctest; sourceTree = BUILT_PRODUCTS_DIR; };
		A5382D13263AF5D400ECA9A0 /* PersistenceTests.swift */ = {isa = PBXFileReference; lastKnownFileType = sourcecode.swift; path = PersistenceTests.swift; sourceTree = "<group>"; };
		A5382D15263AF5D400ECA9A0 /* Info.plist */ = {isa = PBXFileReference; lastKnownFileType = text.plist.xml; path = Info.plist; sourceTree = "<group>"; };
		A5382D26263AF63500ECA9A0 /* RaindropTests.xctest */ = {isa = PBXFileReference; explicitFileType = wrapper.cfbundle; includeInIndex = 0; path = RaindropTests.xctest; sourceTree = BUILT_PRODUCTS_DIR; };
		A5382D28263AF63500ECA9A0 /* RaindropTests.swift */ = {isa = PBXFileReference; lastKnownFileType = sourcecode.swift; path = RaindropTests.swift; sourceTree = "<group>"; };
		A5382D2A263AF63500ECA9A0 /* Info.plist */ = {isa = PBXFileReference; lastKnownFileType = text.plist.xml; path = Info.plist; sourceTree = "<group>"; };
		A5382D30263AF71C00ECA9A0 /* CoreDataStore.swift */ = {isa = PBXFileReference; lastKnownFileType = sourcecode.swift; path = CoreDataStore.swift; sourceTree = "<group>"; };
		A5382D32263AF73700ECA9A0 /* Logging.swift */ = {isa = PBXFileReference; lastKnownFileType = sourcecode.swift; path = Logging.swift; sourceTree = "<group>"; };
		A5382D34263AF75200ECA9A0 /* CoreDataStoreTests.swift */ = {isa = PBXFileReference; lastKnownFileType = sourcecode.swift; path = CoreDataStoreTests.swift; sourceTree = "<group>"; };
		A5382D37263AF78000ECA9A0 /* Raindrop.xcdatamodel */ = {isa = PBXFileReference; lastKnownFileType = wrapper.xcdatamodel; path = Raindrop.xcdatamodel; sourceTree = "<group>"; };
		A5382D3C263B009500ECA9A0 /* RepositoryRoot.swift */ = {isa = PBXFileReference; lastKnownFileType = sourcecode.swift; path = RepositoryRoot.swift; sourceTree = "<group>"; };
		A5382D3E263B009500ECA9A0 /* RepositoryAction.swift */ = {isa = PBXFileReference; lastKnownFileType = sourcecode.swift; path = RepositoryAction.swift; sourceTree = "<group>"; };
		A5382D40263B009500ECA9A0 /* DataPointRepositoryTests.swift */ = {isa = PBXFileReference; lastKnownFileType = sourcecode.swift; path = DataPointRepositoryTests.swift; sourceTree = "<group>"; };
		A5382D41263B009500ECA9A0 /* DataPointRepository.swift */ = {isa = PBXFileReference; lastKnownFileType = sourcecode.swift; path = DataPointRepository.swift; sourceTree = "<group>"; };
		A5382D43263B009500ECA9A0 /* StorageToDomainTransformer.swift */ = {isa = PBXFileReference; lastKnownFileType = sourcecode.swift; path = StorageToDomainTransformer.swift; sourceTree = "<group>"; };
		A5382D44263B009500ECA9A0 /* DomainToStorageTransformerTests.swift */ = {isa = PBXFileReference; lastKnownFileType = sourcecode.swift; path = DomainToStorageTransformerTests.swift; sourceTree = "<group>"; };
		A5382D45263B009500ECA9A0 /* StorageToDomainTransformerTests.swift */ = {isa = PBXFileReference; lastKnownFileType = sourcecode.swift; path = StorageToDomainTransformerTests.swift; sourceTree = "<group>"; };
		A5382D46263B009500ECA9A0 /* DomainToStorageTransformer.swift */ = {isa = PBXFileReference; lastKnownFileType = sourcecode.swift; path = DomainToStorageTransformer.swift; sourceTree = "<group>"; };
		A5382D48263B009500ECA9A0 /* Storage.swift */ = {isa = PBXFileReference; lastKnownFileType = sourcecode.swift; path = Storage.swift; sourceTree = "<group>"; };
		A5382D4A263B009500ECA9A0 /* CoreDataStorage+ReadTests.swift */ = {isa = PBXFileReference; lastKnownFileType = sourcecode.swift; path = "CoreDataStorage+ReadTests.swift"; sourceTree = "<group>"; };
		A5382D4B263B009500ECA9A0 /* CoreDataStorage.swift */ = {isa = PBXFileReference; lastKnownFileType = sourcecode.swift; path = CoreDataStorage.swift; sourceTree = "<group>"; };
		A5382D4C263B009500ECA9A0 /* CoreDataStorage+Write.swift */ = {isa = PBXFileReference; lastKnownFileType = sourcecode.swift; path = "CoreDataStorage+Write.swift"; sourceTree = "<group>"; };
		A5382D4D263B009500ECA9A0 /* CoreDataStoreStorageFactoryTests.swift */ = {isa = PBXFileReference; lastKnownFileType = sourcecode.swift; path = CoreDataStoreStorageFactoryTests.swift; sourceTree = "<group>"; };
		A5382D4E263B009500ECA9A0 /* CoreDataStoreStorageFactory.swift */ = {isa = PBXFileReference; lastKnownFileType = sourcecode.swift; path = CoreDataStoreStorageFactory.swift; sourceTree = "<group>"; };
		A5382D4F263B009500ECA9A0 /* CoreDataStorage+Read.swift */ = {isa = PBXFileReference; lastKnownFileType = sourcecode.swift; path = "CoreDataStorage+Read.swift"; sourceTree = "<group>"; };
		A5382D50263B009500ECA9A0 /* CoreDataStorage+WriteTests.swift */ = {isa = PBXFileReference; lastKnownFileType = sourcecode.swift; path = "CoreDataStorage+WriteTests.swift"; sourceTree = "<group>"; };
		A53E512D26744C26002E4BEE /* ErrorSheetView.swift */ = {isa = PBXFileReference; lastKnownFileType = sourcecode.swift; path = ErrorSheetView.swift; sourceTree = "<group>"; };
		A53E512E26744C26002E4BEE /* ErrorSheetModels.swift */ = {isa = PBXFileReference; lastKnownFileType = sourcecode.swift; path = ErrorSheetModels.swift; sourceTree = "<group>"; };
		A5535FF92679457E006C93EC /* ___FILEBASENAME___Presenter.swift */ = {isa = PBXFileReference; fileEncoding = 4; lastKnownFileType = sourcecode.swift; path = "___FILEBASENAME___Presenter.swift"; sourceTree = "<group>"; };
		A5535FFA2679457E006C93EC /* ___FILEBASENAME___Models.swift */ = {isa = PBXFileReference; fileEncoding = 4; lastKnownFileType = sourcecode.swift; path = "___FILEBASENAME___Models.swift"; sourceTree = "<group>"; };
		A5535FFB2679457E006C93EC /* ___FILEBASENAME___Scene.swift */ = {isa = PBXFileReference; fileEncoding = 4; lastKnownFileType = sourcecode.swift; path = "___FILEBASENAME___Scene.swift"; sourceTree = "<group>"; };
		A5535FFC2679457E006C93EC /* ___FILEBASENAME___Interactor.swift */ = {isa = PBXFileReference; fileEncoding = 4; lastKnownFileType = sourcecode.swift; path = "___FILEBASENAME___Interactor.swift"; sourceTree = "<group>"; };
		A5535FFD2679457E006C93EC /* ___FILEBASENAME___View.swift */ = {isa = PBXFileReference; fileEncoding = 4; lastKnownFileType = sourcecode.swift; path = "___FILEBASENAME___View.swift"; sourceTree = "<group>"; };
		A5535FFF2679457E006C93EC /* ___FILEBASENAME___Service.swift */ = {isa = PBXFileReference; fileEncoding = 4; lastKnownFileType = sourcecode.swift; path = "___FILEBASENAME___Service.swift"; sourceTree = "<group>"; };
		A55360002679457E006C93EC /* TemplateInfo.plist */ = {isa = PBXFileReference; fileEncoding = 4; lastKnownFileType = text.plist.xml; path = TemplateInfo.plist; sourceTree = "<group>"; };
		A55360032679457E006C93EC /* ___FILEBASENAME___InteractorTests.swift */ = {isa = PBXFileReference; fileEncoding = 4; lastKnownFileType = sourcecode.swift; path = "___FILEBASENAME___InteractorTests.swift"; sourceTree = "<group>"; };
		A55360052679457E006C93EC /* ___FILEBASENAME___PresenterTests.swift */ = {isa = PBXFileReference; fileEncoding = 4; lastKnownFileType = sourcecode.swift; path = "___FILEBASENAME___PresenterTests.swift"; sourceTree = "<group>"; };
		A55360072679457E006C93EC /* TemplateInfo.plist */ = {isa = PBXFileReference; fileEncoding = 4; lastKnownFileType = text.plist.xml; path = TemplateInfo.plist; sourceTree = "<group>"; };
		A55360082679457E006C93EC /* ___FILEBASENAME___ServiceTests.swift */ = {isa = PBXFileReference; fileEncoding = 4; lastKnownFileType = sourcecode.swift; path = "___FILEBASENAME___ServiceTests.swift"; sourceTree = "<group>"; };
		A553602226794835006C93EC /* TemplateIcon@2x.png */ = {isa = PBXFileReference; lastKnownFileType = image.png; path = "TemplateIcon@2x.png"; sourceTree = "<group>"; };
		A553602326794835006C93EC /* TemplateIcon.png */ = {isa = PBXFileReference; lastKnownFileType = image.png; path = TemplateIcon.png; sourceTree = "<group>"; };
		A55360262679486A006C93EC /* TemplateIcon@2x.png */ = {isa = PBXFileReference; lastKnownFileType = image.png; path = "TemplateIcon@2x.png"; sourceTree = "<group>"; };
		A55360272679486A006C93EC /* TemplateIcon.png */ = {isa = PBXFileReference; lastKnownFileType = image.png; path = TemplateIcon.png; sourceTree = "<group>"; };
		A553602826794898006C93EC /* EditDataPointInteractorTests.swift */ = {isa = PBXFileReference; lastKnownFileType = sourcecode.swift; path = EditDataPointInteractorTests.swift; sourceTree = "<group>"; };
		A553602926794898006C93EC /* EditDataPointPresenter.swift */ = {isa = PBXFileReference; lastKnownFileType = sourcecode.swift; path = EditDataPointPresenter.swift; sourceTree = "<group>"; };
		A553602B26794898006C93EC /* EditDataPointModels.swift */ = {isa = PBXFileReference; lastKnownFileType = sourcecode.swift; path = EditDataPointModels.swift; sourceTree = "<group>"; };
		A553602C26794898006C93EC /* EditDataPointScene.swift */ = {isa = PBXFileReference; lastKnownFileType = sourcecode.swift; path = EditDataPointScene.swift; sourceTree = "<group>"; };
		A553602D26794898006C93EC /* EditDataPointInteractor.swift */ = {isa = PBXFileReference; lastKnownFileType = sourcecode.swift; path = EditDataPointInteractor.swift; sourceTree = "<group>"; };
		A553602F26794898006C93EC /* EditDataPointPresenterTests.swift */ = {isa = PBXFileReference; lastKnownFileType = sourcecode.swift; path = EditDataPointPresenterTests.swift; sourceTree = "<group>"; };
		A553603026794898006C93EC /* EditDataPointService.swift */ = {isa = PBXFileReference; lastKnownFileType = sourcecode.swift; path = EditDataPointService.swift; sourceTree = "<group>"; };
		A553603126794898006C93EC /* EditDataPointServiceTests.swift */ = {isa = PBXFileReference; lastKnownFileType = sourcecode.swift; path = EditDataPointServiceTests.swift; sourceTree = "<group>"; };
		A5AF8A3D263AEC1A006E7080 /* Raindrop.app */ = {isa = PBXFileReference; explicitFileType = wrapper.application; includeInIndex = 0; path = Raindrop.app; sourceTree = BUILT_PRODUCTS_DIR; };
		A5AF8A40263AEC1A006E7080 /* RaindropApp.swift */ = {isa = PBXFileReference; lastKnownFileType = sourcecode.swift; path = RaindropApp.swift; sourceTree = "<group>"; };
		A5AF8A44263AEC1B006E7080 /* Assets.xcassets */ = {isa = PBXFileReference; lastKnownFileType = folder.assetcatalog; path = Assets.xcassets; sourceTree = "<group>"; };
		A5AF8A47263AEC1B006E7080 /* Preview Assets.xcassets */ = {isa = PBXFileReference; lastKnownFileType = folder.assetcatalog; path = "Preview Assets.xcassets"; sourceTree = "<group>"; };
		A5AF8A49263AEC1B006E7080 /* Info.plist */ = {isa = PBXFileReference; lastKnownFileType = text.plist.xml; path = Info.plist; sourceTree = "<group>"; };
		A5AF8A53263AEE5D006E7080 /* DataPoint.swift */ = {isa = PBXFileReference; lastKnownFileType = sourcecode.swift; path = DataPoint.swift; sourceTree = "<group>"; };
		A5AF8A55263AF404006E7080 /* DataPointType.swift */ = {isa = PBXFileReference; lastKnownFileType = sourcecode.swift; path = DataPointType.swift; sourceTree = "<group>"; };
		A5BB52CC26472E3A00F62A6D /* DataEntryCell.swift */ = {isa = PBXFileReference; lastKnownFileType = sourcecode.swift; path = DataEntryCell.swift; sourceTree = "<group>"; };
		A5BB52CF2647303000F62A6D /* Color+Extensions.swift */ = {isa = PBXFileReference; lastKnownFileType = sourcecode.swift; path = "Color+Extensions.swift"; sourceTree = "<group>"; };
		A5BB52D226473E0700F62A6D /* View+Extensions.swift */ = {isa = PBXFileReference; lastKnownFileType = sourcecode.swift; path = "View+Extensions.swift"; sourceTree = "<group>"; };
		A5BB52D4264786DE00F62A6D /* String+Extensions.swift */ = {isa = PBXFileReference; lastKnownFileType = sourcecode.swift; path = "String+Extensions.swift"; sourceTree = "<group>"; };
		A5BC451A264230BE0076C1E9 /* Date+Extensions.swift */ = {isa = PBXFileReference; lastKnownFileType = sourcecode.swift; path = "Date+Extensions.swift"; sourceTree = "<group>"; };
/* End PBXFileReference section */

/* Begin PBXFrameworksBuildPhase section */
		A5382D01263AF5D400ECA9A0 /* Frameworks */ = {
			isa = PBXFrameworksBuildPhase;
			buildActionMask = 2147483647;
			files = (
			);
			runOnlyForDeploymentPostprocessing = 0;
		};
		A5382D09263AF5D400ECA9A0 /* Frameworks */ = {
			isa = PBXFrameworksBuildPhase;
			buildActionMask = 2147483647;
			files = (
				A5382D0D263AF5D400ECA9A0 /* Persistence.framework in Frameworks */,
			);
			runOnlyForDeploymentPostprocessing = 0;
		};
		A5382D23263AF63500ECA9A0 /* Frameworks */ = {
			isa = PBXFrameworksBuildPhase;
			buildActionMask = 2147483647;
			files = (
			);
			runOnlyForDeploymentPostprocessing = 0;
		};
		A5AF8A3A263AEC1A006E7080 /* Frameworks */ = {
			isa = PBXFrameworksBuildPhase;
			buildActionMask = 2147483647;
			files = (
				A5382D19263AF5D400ECA9A0 /* Persistence.framework in Frameworks */,
			);
			runOnlyForDeploymentPostprocessing = 0;
		};
/* End PBXFrameworksBuildPhase section */

/* Begin PBXGroup section */
		A513A10A266B29190011F702 /* Scenes */ = {
			isa = PBXGroup;
			children = (
				A5BC450426422D190076C1E9 /* EditDataPoint */,
			);
			path = Scenes;
			sourceTree = "<group>";
		};
		A5382D05263AF5D400ECA9A0 /* Persistence */ = {
			isa = PBXGroup;
			children = (
				A5382D06263AF5D400ECA9A0 /* Persistance.h */,
				A5382D07263AF5D400ECA9A0 /* Info.plist */,
				A5382D30263AF71C00ECA9A0 /* CoreDataStore.swift */,
				A5382D34263AF75200ECA9A0 /* CoreDataStoreTests.swift */,
				A5382D32263AF73700ECA9A0 /* Logging.swift */,
				A5382D36263AF78000ECA9A0 /* Raindrop.xcdatamodeld */,
			);
			path = Persistence;
			sourceTree = "<group>";
		};
		A5382D12263AF5D400ECA9A0 /* PersistenceTests */ = {
			isa = PBXGroup;
			children = (
				A5382D13263AF5D400ECA9A0 /* PersistenceTests.swift */,
				A5382D15263AF5D400ECA9A0 /* Info.plist */,
			);
			path = PersistenceTests;
			sourceTree = "<group>";
		};
		A5382D27263AF63500ECA9A0 /* RaindropTests */ = {
			isa = PBXGroup;
			children = (
				A5382D28263AF63500ECA9A0 /* RaindropTests.swift */,
				A5382D2A263AF63500ECA9A0 /* Info.plist */,
			);
			path = RaindropTests;
			sourceTree = "<group>";
		};
		A5382D3A263B009500ECA9A0 /* DataStore */ = {
			isa = PBXGroup;
			children = (
				A5382D3B263B009500ECA9A0 /* Repositories */,
				A5382D47263B009500ECA9A0 /* Storage */,
			);
			path = DataStore;
			sourceTree = "<group>";
		};
		A5382D3B263B009500ECA9A0 /* Repositories */ = {
			isa = PBXGroup;
			children = (
				A5382D3C263B009500ECA9A0 /* RepositoryRoot.swift */,
				A5382D3D263B009500ECA9A0 /* Combine */,
				A5382D3F263B009500ECA9A0 /* Repositories */,
				A5382D42263B009500ECA9A0 /* Transformers */,
			);
			path = Repositories;
			sourceTree = "<group>";
		};
		A5382D3D263B009500ECA9A0 /* Combine */ = {
			isa = PBXGroup;
			children = (
				A5382D3E263B009500ECA9A0 /* RepositoryAction.swift */,
			);
			path = Combine;
			sourceTree = "<group>";
		};
		A5382D3F263B009500ECA9A0 /* Repositories */ = {
			isa = PBXGroup;
			children = (
				A5382D41263B009500ECA9A0 /* DataPointRepository.swift */,
				A5382D40263B009500ECA9A0 /* DataPointRepositoryTests.swift */,
			);
			path = Repositories;
			sourceTree = "<group>";
		};
		A5382D42263B009500ECA9A0 /* Transformers */ = {
			isa = PBXGroup;
			children = (
				A5382D46263B009500ECA9A0 /* DomainToStorageTransformer.swift */,
				A5382D44263B009500ECA9A0 /* DomainToStorageTransformerTests.swift */,
				A5382D43263B009500ECA9A0 /* StorageToDomainTransformer.swift */,
				A5382D45263B009500ECA9A0 /* StorageToDomainTransformerTests.swift */,
			);
			path = Transformers;
			sourceTree = "<group>";
		};
		A5382D47263B009500ECA9A0 /* Storage */ = {
			isa = PBXGroup;
			children = (
				A5382D48263B009500ECA9A0 /* Storage.swift */,
				A5382D49263B009500ECA9A0 /* CoreData */,
			);
			path = Storage;
			sourceTree = "<group>";
		};
		A5382D49263B009500ECA9A0 /* CoreData */ = {
			isa = PBXGroup;
			children = (
				A5382D4A263B009500ECA9A0 /* CoreDataStorage+ReadTests.swift */,
				A5382D4B263B009500ECA9A0 /* CoreDataStorage.swift */,
				A5382D4C263B009500ECA9A0 /* CoreDataStorage+Write.swift */,
				A5382D4D263B009500ECA9A0 /* CoreDataStoreStorageFactoryTests.swift */,
				A5382D4E263B009500ECA9A0 /* CoreDataStoreStorageFactory.swift */,
				A5382D4F263B009500ECA9A0 /* CoreDataStorage+Read.swift */,
				A5382D50263B009500ECA9A0 /* CoreDataStorage+WriteTests.swift */,
			);
			path = CoreData;
			sourceTree = "<group>";
		};
		A53E512C26744C26002E4BEE /* ErrorSheet */ = {
			isa = PBXGroup;
			children = (
				A53E512D26744C26002E4BEE /* ErrorSheetView.swift */,
				A53E512E26744C26002E4BEE /* ErrorSheetModels.swift */,
			);
			path = ErrorSheet;
			sourceTree = "<group>";
		};
		A5535FF526794560006C93EC /* Templates */ = {
			isa = PBXGroup;
			children = (
				A5535FF62679457E006C93EC /* Clean SwiftUI */,
			);
			path = Templates;
			sourceTree = "<group>";
		};
		A5535FF62679457E006C93EC /* Clean SwiftUI */ = {
			isa = PBXGroup;
			children = (
				A5535FF72679457E006C93EC /* Scene.xctemplate */,
				A55360012679457E006C93EC /* Unit Tests.xctemplate */,
			);
			path = "Clean SwiftUI";
			sourceTree = "<group>";
		};
		A5535FF72679457E006C93EC /* Scene.xctemplate */ = {
			isa = PBXGroup;
			children = (
				A55360002679457E006C93EC /* TemplateInfo.plist */,
				A553602326794835006C93EC /* TemplateIcon.png */,
				A553602226794835006C93EC /* TemplateIcon@2x.png */,
				A5535FFC2679457E006C93EC /* ___FILEBASENAME___Interactor.swift */,
				A5535FFA2679457E006C93EC /* ___FILEBASENAME___Models.swift */,
				A5535FF92679457E006C93EC /* ___FILEBASENAME___Presenter.swift */,
				A5535FFB2679457E006C93EC /* ___FILEBASENAME___Scene.swift */,
				A5535FFF2679457E006C93EC /* ___FILEBASENAME___Service.swift */,
				A5535FFD2679457E006C93EC /* ___FILEBASENAME___View.swift */,
			);
			path = Scene.xctemplate;
			sourceTree = "<group>";
		};
		A55360012679457E006C93EC /* Unit Tests.xctemplate */ = {
			isa = PBXGroup;
			children = (
				A55360072679457E006C93EC /* TemplateInfo.plist */,
				A55360272679486A006C93EC /* TemplateIcon.png */,
				A55360262679486A006C93EC /* TemplateIcon@2x.png */,
				A55360032679457E006C93EC /* ___FILEBASENAME___InteractorTests.swift */,
				A55360052679457E006C93EC /* ___FILEBASENAME___PresenterTests.swift */,
				A55360082679457E006C93EC /* ___FILEBASENAME___ServiceTests.swift */,
			);
			path = "Unit Tests.xctemplate";
			sourceTree = "<group>";
		};
		A5AF8A34263AEC1A006E7080 = {
			isa = PBXGroup;
			children = (
				A5AF8A3F263AEC1A006E7080 /* Raindrop */,
				A5382D27263AF63500ECA9A0 /* RaindropTests */,
				A5382D05263AF5D400ECA9A0 /* Persistence */,
				A5382D12263AF5D400ECA9A0 /* PersistenceTests */,
				A5AF8A3E263AEC1A006E7080 /* Products */,
			);
			sourceTree = "<group>";
		};
		A5AF8A3E263AEC1A006E7080 /* Products */ = {
			isa = PBXGroup;
			children = (
				A5AF8A3D263AEC1A006E7080 /* Raindrop.app */,
				A5382D04263AF5D400ECA9A0 /* Persistence.framework */,
				A5382D0C263AF5D400ECA9A0 /* PersistenceTests.xctest */,
				A5382D26263AF63500ECA9A0 /* RaindropTests.xctest */,
			);
			name = Products;
			sourceTree = "<group>";
		};
		A5AF8A3F263AEC1A006E7080 /* Raindrop */ = {
			isa = PBXGroup;
			children = (
				A5AF8A50263AEC5F006E7080 /* Presentation */,
				A5AF8A4F263AEC52006E7080 /* Application */,
				A5AF8A52263AEE2E006E7080 /* Domain */,
			);
			path = Raindrop;
			sourceTree = "<group>";
		};
		A5AF8A46263AEC1B006E7080 /* Preview Content */ = {
			isa = PBXGroup;
			children = (
				A5AF8A47263AEC1B006E7080 /* Preview Assets.xcassets */,
			);
			path = "Preview Content";
			sourceTree = "<group>";
		};
		A5AF8A4F263AEC52006E7080 /* Application */ = {
			isa = PBXGroup;
			children = (
				A5382D3A263B009500ECA9A0 /* DataStore */,
				A5AF8A51263AEC76006E7080 /* Main */,
			);
			path = Application;
			sourceTree = "<group>";
		};
		A5AF8A50263AEC5F006E7080 /* Presentation */ = {
			isa = PBXGroup;
			children = (
				A513A10A266B29190011F702 /* Scenes */,
				A5BB52CB26472E0B00F62A6D /* Components */,
				A5BB52D126473DF500F62A6D /* Extensions */,
			);
			path = Presentation;
			sourceTree = "<group>";
		};
		A5AF8A51263AEC76006E7080 /* Main */ = {
			isa = PBXGroup;
			children = (
				A5535FF526794560006C93EC /* Templates */,
				A5AF8A46263AEC1B006E7080 /* Preview Content */,
				A5AF8A40263AEC1A006E7080 /* RaindropApp.swift */,
				A5AF8A49263AEC1B006E7080 /* Info.plist */,
				A5AF8A44263AEC1B006E7080 /* Assets.xcassets */,
			);
			path = Main;
			sourceTree = "<group>";
		};
		A5AF8A52263AEE2E006E7080 /* Domain */ = {
			isa = PBXGroup;
			children = (
				A5BC4519264230930076C1E9 /* Extensions */,
				A5AF8A53263AEE5D006E7080 /* DataPoint.swift */,
				A5AF8A55263AF404006E7080 /* DataPointType.swift */,
			);
			path = Domain;
			sourceTree = "<group>";
		};
		A5BB52CB26472E0B00F62A6D /* Components */ = {
			isa = PBXGroup;
			children = (
				A53E512C26744C26002E4BEE /* ErrorSheet */,
				A5BB52CC26472E3A00F62A6D /* DataEntryCell.swift */,
			);
			path = Components;
			sourceTree = "<group>";
		};
		A5BB52D126473DF500F62A6D /* Extensions */ = {
			isa = PBXGroup;
			children = (
				A5BB52CF2647303000F62A6D /* Color+Extensions.swift */,
				A5BB52D226473E0700F62A6D /* View+Extensions.swift */,
				A5BB52D4264786DE00F62A6D /* String+Extensions.swift */,
			);
			path = Extensions;
			sourceTree = "<group>";
		};
		A5BC450426422D190076C1E9 /* EditDataPoint */ = {
			isa = PBXGroup;
			children = (
				A553602D26794898006C93EC /* EditDataPointInteractor.swift */,
				A553602826794898006C93EC /* EditDataPointInteractorTests.swift */,
				A553602B26794898006C93EC /* EditDataPointModels.swift */,
				A553602926794898006C93EC /* EditDataPointPresenter.swift */,
				A553602F26794898006C93EC /* EditDataPointPresenterTests.swift */,
				A553602C26794898006C93EC /* EditDataPointScene.swift */,
				A553603026794898006C93EC /* EditDataPointService.swift */,
				A553603126794898006C93EC /* EditDataPointServiceTests.swift */,
				A5304E1D267953F400EC906C /* EditDataPointView.swift */,
			);
			path = EditDataPoint;
			sourceTree = "<group>";
		};
		A5BC4519264230930076C1E9 /* Extensions */ = {
			isa = PBXGroup;
			children = (
				A5BC451A264230BE0076C1E9 /* Date+Extensions.swift */,
			);
			path = Extensions;
			sourceTree = "<group>";
		};
/* End PBXGroup section */

/* Begin PBXHeadersBuildPhase section */
		A5382CFF263AF5D400ECA9A0 /* Headers */ = {
			isa = PBXHeadersBuildPhase;
			buildActionMask = 2147483647;
			files = (
				A5382D16263AF5D400ECA9A0 /* Persistance.h in Headers */,
			);
			runOnlyForDeploymentPostprocessing = 0;
		};
/* End PBXHeadersBuildPhase section */

/* Begin PBXNativeTarget section */
		A5382D03263AF5D400ECA9A0 /* Persistence */ = {
			isa = PBXNativeTarget;
			buildConfigurationList = A5382D20263AF5D400ECA9A0 /* Build configuration list for PBXNativeTarget "Persistence" */;
			buildPhases = (
				A5382CFF263AF5D400ECA9A0 /* Headers */,
				A5382D00263AF5D400ECA9A0 /* Sources */,
				A5382D01263AF5D400ECA9A0 /* Frameworks */,
				A5382D02263AF5D400ECA9A0 /* Resources */,
			);
			buildRules = (
			);
			dependencies = (
			);
			name = Persistence;
			productName = Persistance;
			productReference = A5382D04263AF5D400ECA9A0 /* Persistence.framework */;
			productType = "com.apple.product-type.framework";
		};
		A5382D0B263AF5D400ECA9A0 /* PersistenceTests */ = {
			isa = PBXNativeTarget;
			buildConfigurationList = A5382D21263AF5D400ECA9A0 /* Build configuration list for PBXNativeTarget "PersistenceTests" */;
			buildPhases = (
				A5382D08263AF5D400ECA9A0 /* Sources */,
				A5382D09263AF5D400ECA9A0 /* Frameworks */,
				A5382D0A263AF5D400ECA9A0 /* Resources */,
			);
			buildRules = (
			);
			dependencies = (
				A5382D0F263AF5D400ECA9A0 /* PBXTargetDependency */,
				A5382D11263AF5D400ECA9A0 /* PBXTargetDependency */,
			);
			name = PersistenceTests;
			productName = PersistanceTests;
			productReference = A5382D0C263AF5D400ECA9A0 /* PersistenceTests.xctest */;
			productType = "com.apple.product-type.bundle.unit-test";
		};
		A5382D25263AF63500ECA9A0 /* RaindropTests */ = {
			isa = PBXNativeTarget;
			buildConfigurationList = A5382D2D263AF63600ECA9A0 /* Build configuration list for PBXNativeTarget "RaindropTests" */;
			buildPhases = (
				A5382D22263AF63500ECA9A0 /* Sources */,
				A5382D23263AF63500ECA9A0 /* Frameworks */,
				A5382D24263AF63500ECA9A0 /* Resources */,
			);
			buildRules = (
			);
			dependencies = (
				A5382D2C263AF63500ECA9A0 /* PBXTargetDependency */,
			);
			name = RaindropTests;
			productName = RaindropTests;
			productReference = A5382D26263AF63500ECA9A0 /* RaindropTests.xctest */;
			productType = "com.apple.product-type.bundle.unit-test";
		};
		A5AF8A3C263AEC1A006E7080 /* Raindrop */ = {
			isa = PBXNativeTarget;
			buildConfigurationList = A5AF8A4C263AEC1B006E7080 /* Build configuration list for PBXNativeTarget "Raindrop" */;
			buildPhases = (
				A5AF8A39263AEC1A006E7080 /* Sources */,
				A5AF8A3A263AEC1A006E7080 /* Frameworks */,
				A5AF8A3B263AEC1A006E7080 /* Resources */,
				A5382D1B263AF5D400ECA9A0 /* Embed Frameworks */,
			);
			buildRules = (
			);
			dependencies = (
				A5382D18263AF5D400ECA9A0 /* PBXTargetDependency */,
			);
			name = Raindrop;
			productName = Raindrop;
			productReference = A5AF8A3D263AEC1A006E7080 /* Raindrop.app */;
			productType = "com.apple.product-type.application";
		};
/* End PBXNativeTarget section */

/* Begin PBXProject section */
		A5AF8A35263AEC1A006E7080 /* Project object */ = {
			isa = PBXProject;
			attributes = {
				LastSwiftUpdateCheck = 1250;
				LastUpgradeCheck = 1250;
				TargetAttributes = {
					A5382D03263AF5D400ECA9A0 = {
						CreatedOnToolsVersion = 12.5;
						LastSwiftMigration = 1250;
					};
					A5382D0B263AF5D400ECA9A0 = {
						CreatedOnToolsVersion = 12.5;
						TestTargetID = A5AF8A3C263AEC1A006E7080;
					};
					A5382D25263AF63500ECA9A0 = {
						CreatedOnToolsVersion = 12.5;
						TestTargetID = A5AF8A3C263AEC1A006E7080;
					};
					A5AF8A3C263AEC1A006E7080 = {
						CreatedOnToolsVersion = 12.5;
					};
				};
			};
			buildConfigurationList = A5AF8A38263AEC1A006E7080 /* Build configuration list for PBXProject "Raindrop" */;
			compatibilityVersion = "Xcode 9.3";
			developmentRegion = en;
			hasScannedForEncodings = 0;
			knownRegions = (
				en,
				Base,
			);
			mainGroup = A5AF8A34263AEC1A006E7080;
			productRefGroup = A5AF8A3E263AEC1A006E7080 /* Products */;
			projectDirPath = "";
			projectRoot = "";
			targets = (
				A5AF8A3C263AEC1A006E7080 /* Raindrop */,
				A5382D25263AF63500ECA9A0 /* RaindropTests */,
				A5382D03263AF5D400ECA9A0 /* Persistence */,
				A5382D0B263AF5D400ECA9A0 /* PersistenceTests */,
			);
		};
/* End PBXProject section */

/* Begin PBXResourcesBuildPhase section */
		A5382D02263AF5D400ECA9A0 /* Resources */ = {
			isa = PBXResourcesBuildPhase;
			buildActionMask = 2147483647;
			files = (
			);
			runOnlyForDeploymentPostprocessing = 0;
		};
		A5382D0A263AF5D400ECA9A0 /* Resources */ = {
			isa = PBXResourcesBuildPhase;
			buildActionMask = 2147483647;
			files = (
			);
			runOnlyForDeploymentPostprocessing = 0;
		};
		A5382D24263AF63500ECA9A0 /* Resources */ = {
			isa = PBXResourcesBuildPhase;
			buildActionMask = 2147483647;
			files = (
			);
			runOnlyForDeploymentPostprocessing = 0;
		};
		A5AF8A3B263AEC1A006E7080 /* Resources */ = {
			isa = PBXResourcesBuildPhase;
			buildActionMask = 2147483647;
			files = (
				A5AF8A48263AEC1B006E7080 /* Preview Assets.xcassets in Resources */,
				A5AF8A45263AEC1B006E7080 /* Assets.xcassets in Resources */,
			);
			runOnlyForDeploymentPostprocessing = 0;
		};
/* End PBXResourcesBuildPhase section */

/* Begin PBXSourcesBuildPhase section */
		A5382D00263AF5D400ECA9A0 /* Sources */ = {
			isa = PBXSourcesBuildPhase;
			buildActionMask = 2147483647;
			files = (
				A5382D38263AF78000ECA9A0 /* Raindrop.xcdatamodeld in Sources */,
				A5382D31263AF71C00ECA9A0 /* CoreDataStore.swift in Sources */,
				A5382D33263AF73700ECA9A0 /* Logging.swift in Sources */,
			);
			runOnlyForDeploymentPostprocessing = 0;
		};
		A5382D08263AF5D400ECA9A0 /* Sources */ = {
			isa = PBXSourcesBuildPhase;
			buildActionMask = 2147483647;
			files = (
				A5382D39263AFAF300ECA9A0 /* CoreDataStoreTests.swift in Sources */,
				A5382D14263AF5D400ECA9A0 /* PersistenceTests.swift in Sources */,
			);
			runOnlyForDeploymentPostprocessing = 0;
		};
		A5382D22263AF63500ECA9A0 /* Sources */ = {
			isa = PBXSourcesBuildPhase;
			buildActionMask = 2147483647;
			files = (
				A5382D63263B02D800ECA9A0 /* CoreDataStorage+WriteTests.swift in Sources */,
				A5382D62263B02D800ECA9A0 /* CoreDataStorage+ReadTests.swift in Sources */,
				A5382D5C263B028600ECA9A0 /* DataPointRepositoryTests.swift in Sources */,
				A553603E267948A7006C93EC /* EditDataPointInteractorTests.swift in Sources */,
				A553603C267948A7006C93EC /* EditDataPointPresenterTests.swift in Sources */,
				A5382D5A263B019500ECA9A0 /* StorageToDomainTransformerTests.swift in Sources */,
				A5382D61263B02D800ECA9A0 /* CoreDataStoreStorageFactoryTests.swift in Sources */,
				A553603D267948A7006C93EC /* EditDataPointServiceTests.swift in Sources */,
				A5382D5B263B019500ECA9A0 /* DomainToStorageTransformerTests.swift in Sources */,
				A5382D29263AF63500ECA9A0 /* RaindropTests.swift in Sources */,
			);
			runOnlyForDeploymentPostprocessing = 0;
		};
		A5AF8A39263AEC1A006E7080 /* Sources */ = {
			isa = PBXSourcesBuildPhase;
			buildActionMask = 2147483647;
			files = (
				A5382D5D263B02D400ECA9A0 /* CoreDataStorage+Read.swift in Sources */,
				A553603626794898006C93EC /* EditDataPointScene.swift in Sources */,
				A5BC451B264230BE0076C1E9 /* Date+Extensions.swift in Sources */,
				A5BB52D02647303000F62A6D /* Color+Extensions.swift in Sources */,
				A53E513026744E36002E4BEE /* ErrorSheetModels.swift in Sources */,
				A5382D64263B03B200ECA9A0 /* Storage.swift in Sources */,
				A553603726794898006C93EC /* EditDataPointInteractor.swift in Sources */,
				A5AF8A54263AEE5D006E7080 /* DataPoint.swift in Sources */,
				A5382D57263B017900ECA9A0 /* DataPointRepository.swift in Sources */,
				A5382D58263B019200ECA9A0 /* StorageToDomainTransformer.swift in Sources */,
				A553603526794898006C93EC /* EditDataPointModels.swift in Sources */,
				A5AF8A56263AF404006E7080 /* DataPointType.swift in Sources */,
				A5BB52CD26472E3A00F62A6D /* DataEntryCell.swift in Sources */,
				A553603326794898006C93EC /* EditDataPointPresenter.swift in Sources */,
				A53E512F26744E36002E4BEE /* ErrorSheetView.swift in Sources */,
				A5382D60263B02D400ECA9A0 /* CoreDataStorage+Write.swift in Sources */,
				A5BB52D5264786DE00F62A6D /* String+Extensions.swift in Sources */,
				A5382D59263B019200ECA9A0 /* DomainToStorageTransformer.swift in Sources */,
				A553603A26794898006C93EC /* EditDataPointService.swift in Sources */,
				A5382D5F263B02D400ECA9A0 /* CoreDataStoreStorageFactory.swift in Sources */,
				A5382D5E263B02D400ECA9A0 /* CoreDataStorage.swift in Sources */,
				A5382D54263B016E00ECA9A0 /* RepositoryRoot.swift in Sources */,
				A5AF8A41263AEC1A006E7080 /* RaindropApp.swift in Sources */,
				A5304E1E267953F400EC906C /* EditDataPointView.swift in Sources */,
				A5BB52D326473E0700F62A6D /* View+Extensions.swift in Sources */,
				A5382D55263B017500ECA9A0 /* RepositoryAction.swift in Sources */,
			);
			runOnlyForDeploymentPostprocessing = 0;
		};
/* End PBXSourcesBuildPhase section */

/* Begin PBXTargetDependency section */
		A5382D0F263AF5D400ECA9A0 /* PBXTargetDependency */ = {
			isa = PBXTargetDependency;
			target = A5382D03263AF5D400ECA9A0 /* Persistence */;
			targetProxy = A5382D0E263AF5D400ECA9A0 /* PBXContainerItemProxy */;
		};
		A5382D11263AF5D400ECA9A0 /* PBXTargetDependency */ = {
			isa = PBXTargetDependency;
			target = A5AF8A3C263AEC1A006E7080 /* Raindrop */;
			targetProxy = A5382D10263AF5D400ECA9A0 /* PBXContainerItemProxy */;
		};
		A5382D18263AF5D400ECA9A0 /* PBXTargetDependency */ = {
			isa = PBXTargetDependency;
			target = A5382D03263AF5D400ECA9A0 /* Persistence */;
			targetProxy = A5382D17263AF5D400ECA9A0 /* PBXContainerItemProxy */;
		};
		A5382D2C263AF63500ECA9A0 /* PBXTargetDependency */ = {
			isa = PBXTargetDependency;
			target = A5AF8A3C263AEC1A006E7080 /* Raindrop */;
			targetProxy = A5382D2B263AF63500ECA9A0 /* PBXContainerItemProxy */;
		};
/* End PBXTargetDependency section */

/* Begin XCBuildConfiguration section */
		A5382D1C263AF5D400ECA9A0 /* Debug */ = {
			isa = XCBuildConfiguration;
			buildSettings = {
				CLANG_ENABLE_MODULES = YES;
				CODE_SIGN_STYLE = Automatic;
				CURRENT_PROJECT_VERSION = 1;
				DEFINES_MODULE = YES;
				DEVELOPMENT_TEAM = X7WM6K9T24;
				DYLIB_COMPATIBILITY_VERSION = 1;
				DYLIB_CURRENT_VERSION = 1;
				DYLIB_INSTALL_NAME_BASE = "@rpath";
				INFOPLIST_FILE = Persistence/Info.plist;
				INSTALL_PATH = "$(LOCAL_LIBRARY_DIR)/Frameworks";
				IPHONEOS_DEPLOYMENT_TARGET = 14.1;
				LD_RUNPATH_SEARCH_PATHS = (
					"$(inherited)",
					"@executable_path/Frameworks",
					"@loader_path/Frameworks",
				);
				PRODUCT_BUNDLE_IDENTIFIER = com.mikaelweiss.Persistence;
				PRODUCT_NAME = "$(TARGET_NAME:c99extidentifier)";
				SKIP_INSTALL = YES;
				SUPPORTS_MACCATALYST = NO;
				SWIFT_OPTIMIZATION_LEVEL = "-Onone";
				SWIFT_VERSION = 5.0;
				TARGETED_DEVICE_FAMILY = "1,2";
				VERSIONING_SYSTEM = "apple-generic";
				VERSION_INFO_PREFIX = "";
			};
			name = Debug;
		};
		A5382D1D263AF5D400ECA9A0 /* Release */ = {
			isa = XCBuildConfiguration;
			buildSettings = {
				CLANG_ENABLE_MODULES = YES;
				CODE_SIGN_STYLE = Automatic;
				CURRENT_PROJECT_VERSION = 1;
				DEFINES_MODULE = YES;
				DEVELOPMENT_TEAM = X7WM6K9T24;
				DYLIB_COMPATIBILITY_VERSION = 1;
				DYLIB_CURRENT_VERSION = 1;
				DYLIB_INSTALL_NAME_BASE = "@rpath";
				INFOPLIST_FILE = Persistence/Info.plist;
				INSTALL_PATH = "$(LOCAL_LIBRARY_DIR)/Frameworks";
				IPHONEOS_DEPLOYMENT_TARGET = 14.1;
				LD_RUNPATH_SEARCH_PATHS = (
					"$(inherited)",
					"@executable_path/Frameworks",
					"@loader_path/Frameworks",
				);
				PRODUCT_BUNDLE_IDENTIFIER = com.mikaelweiss.Persistence;
				PRODUCT_NAME = "$(TARGET_NAME:c99extidentifier)";
				SKIP_INSTALL = YES;
				SUPPORTS_MACCATALYST = NO;
				SWIFT_VERSION = 5.0;
				TARGETED_DEVICE_FAMILY = "1,2";
				VERSIONING_SYSTEM = "apple-generic";
				VERSION_INFO_PREFIX = "";
			};
			name = Release;
		};
		A5382D1E263AF5D400ECA9A0 /* Debug */ = {
			isa = XCBuildConfiguration;
			buildSettings = {
				ALWAYS_EMBED_SWIFT_STANDARD_LIBRARIES = YES;
				CODE_SIGN_STYLE = Automatic;
				DEVELOPMENT_TEAM = X7WM6K9T24;
				INFOPLIST_FILE = PersistenceTests/Info.plist;
				LD_RUNPATH_SEARCH_PATHS = (
					"$(inherited)",
					"@executable_path/Frameworks",
					"@loader_path/Frameworks",
				);
				PRODUCT_BUNDLE_IDENTIFIER = com.mikaelweiss.PersistenceTests;
				PRODUCT_NAME = "$(TARGET_NAME)";
				SWIFT_VERSION = 5.0;
				TARGETED_DEVICE_FAMILY = "1,2";
				TEST_HOST = "$(BUILT_PRODUCTS_DIR)/Raindrop.app/Raindrop";
			};
			name = Debug;
		};
		A5382D1F263AF5D400ECA9A0 /* Release */ = {
			isa = XCBuildConfiguration;
			buildSettings = {
				ALWAYS_EMBED_SWIFT_STANDARD_LIBRARIES = YES;
				CODE_SIGN_STYLE = Automatic;
				DEVELOPMENT_TEAM = X7WM6K9T24;
				INFOPLIST_FILE = PersistenceTests/Info.plist;
				LD_RUNPATH_SEARCH_PATHS = (
					"$(inherited)",
					"@executable_path/Frameworks",
					"@loader_path/Frameworks",
				);
				PRODUCT_BUNDLE_IDENTIFIER = com.mikaelweiss.PersistenceTests;
				PRODUCT_NAME = "$(TARGET_NAME)";
				SWIFT_VERSION = 5.0;
				TARGETED_DEVICE_FAMILY = "1,2";
				TEST_HOST = "$(BUILT_PRODUCTS_DIR)/Raindrop.app/Raindrop";
			};
			name = Release;
		};
		A5382D2E263AF63600ECA9A0 /* Debug */ = {
			isa = XCBuildConfiguration;
			buildSettings = {
				BUNDLE_LOADER = "$(TEST_HOST)";
				CODE_SIGN_STYLE = Automatic;
				DEVELOPMENT_TEAM = X7WM6K9T24;
				INFOPLIST_FILE = RaindropTests/Info.plist;
				LD_RUNPATH_SEARCH_PATHS = (
					"$(inherited)",
					"@executable_path/Frameworks",
					"@loader_path/Frameworks",
				);
				PRODUCT_BUNDLE_IDENTIFIER = com.mikaelweiss.RaindropTests;
				PRODUCT_NAME = "$(TARGET_NAME)";
				SWIFT_VERSION = 5.0;
				TARGETED_DEVICE_FAMILY = "1,2";
				TEST_HOST = "$(BUILT_PRODUCTS_DIR)/Raindrop.app/Raindrop";
			};
			name = Debug;
		};
		A5382D2F263AF63600ECA9A0 /* Release */ = {
			isa = XCBuildConfiguration;
			buildSettings = {
				BUNDLE_LOADER = "$(TEST_HOST)";
				CODE_SIGN_STYLE = Automatic;
				DEVELOPMENT_TEAM = X7WM6K9T24;
				INFOPLIST_FILE = RaindropTests/Info.plist;
				LD_RUNPATH_SEARCH_PATHS = (
					"$(inherited)",
					"@executable_path/Frameworks",
					"@loader_path/Frameworks",
				);
				PRODUCT_BUNDLE_IDENTIFIER = com.mikaelweiss.RaindropTests;
				PRODUCT_NAME = "$(TARGET_NAME)";
				SWIFT_VERSION = 5.0;
				TARGETED_DEVICE_FAMILY = "1,2";
				TEST_HOST = "$(BUILT_PRODUCTS_DIR)/Raindrop.app/Raindrop";
			};
			name = Release;
		};
		A5AF8A4A263AEC1B006E7080 /* Debug */ = {
			isa = XCBuildConfiguration;
			buildSettings = {
				ALWAYS_SEARCH_USER_PATHS = NO;
				CLANG_ANALYZER_NONNULL = YES;
				CLANG_ANALYZER_NUMBER_OBJECT_CONVERSION = YES_AGGRESSIVE;
				CLANG_CXX_LANGUAGE_STANDARD = "gnu++14";
				CLANG_CXX_LIBRARY = "libc++";
				CLANG_ENABLE_MODULES = YES;
				CLANG_ENABLE_OBJC_ARC = YES;
				CLANG_ENABLE_OBJC_WEAK = YES;
				CLANG_WARN_BLOCK_CAPTURE_AUTORELEASING = YES;
				CLANG_WARN_BOOL_CONVERSION = YES;
				CLANG_WARN_COMMA = YES;
				CLANG_WARN_CONSTANT_CONVERSION = YES;
				CLANG_WARN_DEPRECATED_OBJC_IMPLEMENTATIONS = YES;
				CLANG_WARN_DIRECT_OBJC_ISA_USAGE = YES_ERROR;
				CLANG_WARN_DOCUMENTATION_COMMENTS = YES;
				CLANG_WARN_EMPTY_BODY = YES;
				CLANG_WARN_ENUM_CONVERSION = YES;
				CLANG_WARN_INFINITE_RECURSION = YES;
				CLANG_WARN_INT_CONVERSION = YES;
				CLANG_WARN_NON_LITERAL_NULL_CONVERSION = YES;
				CLANG_WARN_OBJC_IMPLICIT_RETAIN_SELF = YES;
				CLANG_WARN_OBJC_LITERAL_CONVERSION = YES;
				CLANG_WARN_OBJC_ROOT_CLASS = YES_ERROR;
				CLANG_WARN_QUOTED_INCLUDE_IN_FRAMEWORK_HEADER = YES;
				CLANG_WARN_RANGE_LOOP_ANALYSIS = YES;
				CLANG_WARN_STRICT_PROTOTYPES = YES;
				CLANG_WARN_SUSPICIOUS_MOVE = YES;
				CLANG_WARN_UNGUARDED_AVAILABILITY = YES_AGGRESSIVE;
				CLANG_WARN_UNREACHABLE_CODE = YES;
				CLANG_WARN__DUPLICATE_METHOD_MATCH = YES;
				COPY_PHASE_STRIP = NO;
				DEBUG_INFORMATION_FORMAT = dwarf;
				ENABLE_STRICT_OBJC_MSGSEND = YES;
				ENABLE_TESTABILITY = YES;
				GCC_C_LANGUAGE_STANDARD = gnu11;
				GCC_DYNAMIC_NO_PIC = NO;
				GCC_NO_COMMON_BLOCKS = YES;
				GCC_OPTIMIZATION_LEVEL = 0;
				GCC_PREPROCESSOR_DEFINITIONS = (
					"DEBUG=1",
					"$(inherited)",
				);
				GCC_WARN_64_TO_32_BIT_CONVERSION = YES;
				GCC_WARN_ABOUT_RETURN_TYPE = YES_ERROR;
				GCC_WARN_UNDECLARED_SELECTOR = YES;
				GCC_WARN_UNINITIALIZED_AUTOS = YES_AGGRESSIVE;
				GCC_WARN_UNUSED_FUNCTION = YES;
				GCC_WARN_UNUSED_VARIABLE = YES;
				IPHONEOS_DEPLOYMENT_TARGET = 15.0;
				MTL_ENABLE_DEBUG_INFO = INCLUDE_SOURCE;
				MTL_FAST_MATH = YES;
				ONLY_ACTIVE_ARCH = YES;
				SDKROOT = iphoneos;
				SWIFT_ACTIVE_COMPILATION_CONDITIONS = DEBUG;
				SWIFT_EMIT_LOC_STRINGS = YES;
				SWIFT_OPTIMIZATION_LEVEL = "-Onone";
			};
			name = Debug;
		};
		A5AF8A4B263AEC1B006E7080 /* Release */ = {
			isa = XCBuildConfiguration;
			buildSettings = {
				ALWAYS_SEARCH_USER_PATHS = NO;
				CLANG_ANALYZER_NONNULL = YES;
				CLANG_ANALYZER_NUMBER_OBJECT_CONVERSION = YES_AGGRESSIVE;
				CLANG_CXX_LANGUAGE_STANDARD = "gnu++14";
				CLANG_CXX_LIBRARY = "libc++";
				CLANG_ENABLE_MODULES = YES;
				CLANG_ENABLE_OBJC_ARC = YES;
				CLANG_ENABLE_OBJC_WEAK = YES;
				CLANG_WARN_BLOCK_CAPTURE_AUTORELEASING = YES;
				CLANG_WARN_BOOL_CONVERSION = YES;
				CLANG_WARN_COMMA = YES;
				CLANG_WARN_CONSTANT_CONVERSION = YES;
				CLANG_WARN_DEPRECATED_OBJC_IMPLEMENTATIONS = YES;
				CLANG_WARN_DIRECT_OBJC_ISA_USAGE = YES_ERROR;
				CLANG_WARN_DOCUMENTATION_COMMENTS = YES;
				CLANG_WARN_EMPTY_BODY = YES;
				CLANG_WARN_ENUM_CONVERSION = YES;
				CLANG_WARN_INFINITE_RECURSION = YES;
				CLANG_WARN_INT_CONVERSION = YES;
				CLANG_WARN_NON_LITERAL_NULL_CONVERSION = YES;
				CLANG_WARN_OBJC_IMPLICIT_RETAIN_SELF = YES;
				CLANG_WARN_OBJC_LITERAL_CONVERSION = YES;
				CLANG_WARN_OBJC_ROOT_CLASS = YES_ERROR;
				CLANG_WARN_QUOTED_INCLUDE_IN_FRAMEWORK_HEADER = YES;
				CLANG_WARN_RANGE_LOOP_ANALYSIS = YES;
				CLANG_WARN_STRICT_PROTOTYPES = YES;
				CLANG_WARN_SUSPICIOUS_MOVE = YES;
				CLANG_WARN_UNGUARDED_AVAILABILITY = YES_AGGRESSIVE;
				CLANG_WARN_UNREACHABLE_CODE = YES;
				CLANG_WARN__DUPLICATE_METHOD_MATCH = YES;
				COPY_PHASE_STRIP = NO;
				DEBUG_INFORMATION_FORMAT = "dwarf-with-dsym";
				ENABLE_NS_ASSERTIONS = NO;
				ENABLE_STRICT_OBJC_MSGSEND = YES;
				GCC_C_LANGUAGE_STANDARD = gnu11;
				GCC_NO_COMMON_BLOCKS = YES;
				GCC_WARN_64_TO_32_BIT_CONVERSION = YES;
				GCC_WARN_ABOUT_RETURN_TYPE = YES_ERROR;
				GCC_WARN_UNDECLARED_SELECTOR = YES;
				GCC_WARN_UNINITIALIZED_AUTOS = YES_AGGRESSIVE;
				GCC_WARN_UNUSED_FUNCTION = YES;
				GCC_WARN_UNUSED_VARIABLE = YES;
				IPHONEOS_DEPLOYMENT_TARGET = 15.0;
				MTL_ENABLE_DEBUG_INFO = NO;
				MTL_FAST_MATH = YES;
				SDKROOT = iphoneos;
				SWIFT_COMPILATION_MODE = wholemodule;
				SWIFT_EMIT_LOC_STRINGS = YES;
				SWIFT_OPTIMIZATION_LEVEL = "-O";
				VALIDATE_PRODUCT = YES;
			};
			name = Release;
		};
		A5AF8A4D263AEC1B006E7080 /* Debug */ = {
			isa = XCBuildConfiguration;
			buildSettings = {
				ALWAYS_EMBED_SWIFT_STANDARD_LIBRARIES = YES;
				ASSETCATALOG_COMPILER_APPICON_NAME = AppIcon;
				ASSETCATALOG_COMPILER_GLOBAL_ACCENT_COLOR_NAME = AccentColor;
				CODE_SIGN_STYLE = Automatic;
				DEVELOPMENT_ASSET_PATHS = "\"Raindrop/Application/Main/Preview Content\"";
				DEVELOPMENT_TEAM = X7WM6K9T24;
				ENABLE_PREVIEWS = YES;
				INFOPLIST_FILE = Raindrop/Application/Main/Info.plist;
				IPHONEOS_DEPLOYMENT_TARGET = 14.1;
				LD_RUNPATH_SEARCH_PATHS = (
					"$(inherited)",
					"@executable_path/Frameworks",
				);
				PRODUCT_BUNDLE_IDENTIFIER = com.mikaelweiss.Raindrop;
				PRODUCT_NAME = "$(TARGET_NAME)";
				SWIFT_VERSION = 5.0;
				TARGETED_DEVICE_FAMILY = "1,2";
			};
			name = Debug;
		};
		A5AF8A4E263AEC1B006E7080 /* Release */ = {
			isa = XCBuildConfiguration;
			buildSettings = {
				ALWAYS_EMBED_SWIFT_STANDARD_LIBRARIES = YES;
				ASSETCATALOG_COMPILER_APPICON_NAME = AppIcon;
				ASSETCATALOG_COMPILER_GLOBAL_ACCENT_COLOR_NAME = AccentColor;
				CODE_SIGN_STYLE = Automatic;
				DEVELOPMENT_ASSET_PATHS = "\"Raindrop/Application/Main/Preview Content\"";
				DEVELOPMENT_TEAM = X7WM6K9T24;
				ENABLE_PREVIEWS = YES;
				INFOPLIST_FILE = Raindrop/Application/Main/Info.plist;
				IPHONEOS_DEPLOYMENT_TARGET = 14.1;
				LD_RUNPATH_SEARCH_PATHS = (
					"$(inherited)",
					"@executable_path/Frameworks",
				);
				PRODUCT_BUNDLE_IDENTIFIER = com.mikaelweiss.Raindrop;
				PRODUCT_NAME = "$(TARGET_NAME)";
				SWIFT_VERSION = 5.0;
				TARGETED_DEVICE_FAMILY = "1,2";
			};
			name = Release;
		};
/* End XCBuildConfiguration section */

/* Begin XCConfigurationList section */
		A5382D20263AF5D400ECA9A0 /* Build configuration list for PBXNativeTarget "Persistence" */ = {
			isa = XCConfigurationList;
			buildConfigurations = (
				A5382D1C263AF5D400ECA9A0 /* Debug */,
				A5382D1D263AF5D400ECA9A0 /* Release */,
			);
			defaultConfigurationIsVisible = 0;
			defaultConfigurationName = Release;
		};
		A5382D21263AF5D400ECA9A0 /* Build configuration list for PBXNativeTarget "PersistenceTests" */ = {
			isa = XCConfigurationList;
			buildConfigurations = (
				A5382D1E263AF5D400ECA9A0 /* Debug */,
				A5382D1F263AF5D400ECA9A0 /* Release */,
			);
			defaultConfigurationIsVisible = 0;
			defaultConfigurationName = Release;
		};
		A5382D2D263AF63600ECA9A0 /* Build configuration list for PBXNativeTarget "RaindropTests" */ = {
			isa = XCConfigurationList;
			buildConfigurations = (
				A5382D2E263AF63600ECA9A0 /* Debug */,
				A5382D2F263AF63600ECA9A0 /* Release */,
			);
			defaultConfigurationIsVisible = 0;
			defaultConfigurationName = Release;
		};
		A5AF8A38263AEC1A006E7080 /* Build configuration list for PBXProject "Raindrop" */ = {
			isa = XCConfigurationList;
			buildConfigurations = (
				A5AF8A4A263AEC1B006E7080 /* Debug */,
				A5AF8A4B263AEC1B006E7080 /* Release */,
			);
			defaultConfigurationIsVisible = 0;
			defaultConfigurationName = Release;
		};
		A5AF8A4C263AEC1B006E7080 /* Build configuration list for PBXNativeTarget "Raindrop" */ = {
			isa = XCConfigurationList;
			buildConfigurations = (
				A5AF8A4D263AEC1B006E7080 /* Debug */,
				A5AF8A4E263AEC1B006E7080 /* Release */,
			);
			defaultConfigurationIsVisible = 0;
			defaultConfigurationName = Release;
		};
/* End XCConfigurationList section */

/* Begin XCVersionGroup section */
		A5382D36263AF78000ECA9A0 /* Raindrop.xcdatamodeld */ = {
			isa = XCVersionGroup;
			children = (
				A5382D37263AF78000ECA9A0 /* Raindrop.xcdatamodel */,
			);
			currentVersion = A5382D37263AF78000ECA9A0 /* Raindrop.xcdatamodel */;
			path = Raindrop.xcdatamodeld;
			sourceTree = "<group>";
			versionGroupType = wrapper.xcdatamodel;
		};
/* End XCVersionGroup section */
	};
	rootObject = A5AF8A35263AEC1A006E7080 /* Project object */;
}
